
Microsoft Visual Studio Solution File, Format Version 12.00
# Visual Studio 14
VisualStudioVersion = 14.0.22310.1
MinimumVisualStudioVersion = 10.0.40219.1
Project("{FAE04EC0-301F-11D3-BF4B-00C04F79EFBC}") = "AsterNET.ARI.Middleware.Queue", "AsterNET.ARI.Middleware.Queue\AsterNET.ARI.Middleware.Queue.csproj", "{029E5389-F189-4202-A3D2-AA8DC9458FB6}"
EndProject
Project("{FAE04EC0-301F-11D3-BF4B-00C04F79EFBC}") = "QueueTest", "QueueTestApp\QueueTest.csproj", "{716CCDD9-CF80-47B0-B830-090D36DFFA6C}"
EndProject
Global
	GlobalSection(SolutionConfigurationPlatforms) = preSolution
		Debug|Any CPU = Debug|Any CPU
		Release|Any CPU = Release|Any CPU
	EndGlobalSection
	GlobalSection(ProjectConfigurationPlatforms) = postSolution
		{029E5389-F189-4202-A3D2-AA8DC9458FB6}.Debug|Any CPU.ActiveCfg = Debug|Any CPU
		{029E5389-F189-4202-A3D2-AA8DC9458FB6}.Debug|Any CPU.Build.0 = Debug|Any CPU
		{029E5389-F189-4202-A3D2-AA8DC9458FB6}.Release|Any CPU.ActiveCfg = Release|Any CPU
		{029E5389-F189-4202-A3D2-AA8DC9458FB6}.Release|Any CPU.Build.0 = Release|Any CPU
		{716CCDD9-CF80-47B0-B830-090D36DFFA6C}.Debug|Any CPU.ActiveCfg = Debug|Any CPU
		{716CCDD9-CF80-47B0-B830-090D36DFFA6C}.Debug|Any CPU.Build.0 = Debug|Any CPU
		{716CCDD9-CF80-47B0-B830-090D36DFFA6C}.Release|Any CPU.ActiveCfg = Release|Any CPU
		{716CCDD9-CF80-47B0-B830-090D36DFFA6C}.Release|Any CPU.Build.0 = Release|Any CPU
	EndGlobalSection
	GlobalSection(SolutionProperties) = preSolution
		HideSolutionNode = FALSE
	EndGlobalSection
EndGlobal
